
Microsoft Visual Studio Solution File, Format Version 12.00
Project("{FAE04EC0-301F-11D3-BF4B-00C04F79EFBC}") = "htmello", "htmello.csproj", "{284B2BF3-0325-44F9-87F5-2CDD58EFFDE9}"
EndProject
Global
	GlobalSection(SolutionConfigurationPlatforms) = preSolution
		Debug|Any CPU = Debug|Any CPU
		Release|Any CPU = Release|Any CPU
	EndGlobalSection
	GlobalSection(ProjectConfigurationPlatforms) = postSolution
		{284B2BF3-0325-44F9-87F5-2CDD58EFFDE9}.Debug|Any CPU.ActiveCfg = Debug|Any CPU
		{284B2BF3-0325-44F9-87F5-2CDD58EFFDE9}.Debug|Any CPU.Build.0 = Debug|Any CPU
		{284B2BF3-0325-44F9-87F5-2CDD58EFFDE9}.Release|Any CPU.ActiveCfg = Release|Any CPU
		{284B2BF3-0325-44F9-87F5-2CDD58EFFDE9}.Release|Any CPU.Build.0 = Release|Any CPU
	EndGlobalSection
EndGlobal
